{
  "nodes": {
    "flake-utils": {
      "inputs": {
        "systems": "systems"
      },
      "locked": {
        "lastModified": 1731533236,
        "narHash": "sha256-l0KFg5HjrsfsO/JpG+r7fRrqm12kzFHyUHqHCVpMMbI=",
        "owner": "numtide",
        "repo": "flake-utils",
        "rev": "11707dc2f618dd54ca8739b309ec4fc024de578b",
        "type": "github"
      },
      "original": {
        "owner": "numtide",
        "repo": "flake-utils",
        "type": "github"
      }
    },
    "flake-utils_2": {
      "inputs": {
        "systems": "systems_2"
      },
      "locked": {
        "lastModified": 1731533236,
        "narHash": "sha256-l0KFg5HjrsfsO/JpG+r7fRrqm12kzFHyUHqHCVpMMbI=",
        "owner": "numtide",
        "repo": "flake-utils",
        "rev": "11707dc2f618dd54ca8739b309ec4fc024de578b",
        "type": "github"
      },
      "original": {
        "owner": "numtide",
        "repo": "flake-utils",
        "type": "github"
      }
    },
    "flake-utils_3": {
      "inputs": {
        "systems": "systems_3"
      },
      "locked": {
        "lastModified": 1731533236,
        "narHash": "sha256-l0KFg5HjrsfsO/JpG+r7fRrqm12kzFHyUHqHCVpMMbI=",
        "owner": "numtide",
        "repo": "flake-utils",
        "rev": "11707dc2f618dd54ca8739b309ec4fc024de578b",
        "type": "github"
      },
      "original": {
        "owner": "numtide",
        "repo": "flake-utils",
        "type": "github"
      }
    },
    "flask-profiler": {
      "inputs": {
        "flake-utils": "flake-utils_3",
        "nixpkgs": "nixpkgs"
      },
      "locked": {
        "lastModified": 1759908335,
        "narHash": "sha256-siOX0tCKaFwxBjqVrA3cYGBWufvH7xFnJ4v/qVYUj9E=",
        "owner": "seppeljordan",
        "repo": "flask-profiler",
        "rev": "4d5b1688a04fe2f4161d0feafdacbc71910186d3",
        "type": "github"
      },
      "original": {
        "owner": "seppeljordan",
        "repo": "flask-profiler",
        "type": "github"
      }
    },
    "nixos-25-11": {
      "locked": {
        "lastModified": 1779467186,
        "narHash": "sha256-nOesoDCiXcUftqbRBMz9tt4blI5PvljMWbm3kuCA+0s=",
        "owner": "NixOS",
        "repo": "nixpkgs",
        "rev": "b77b3de8775677f84492abe84635f87b0e153f0f",
        "type": "github"
      },
      "original": {
        "owner": "NixOS",
        "ref": "nixos-25.11",
        "repo": "nixpkgs",
        "type": "github"
      }
    },
    "nixpkgs": {
      "locked": {
        "lastModified": 1759733170,
        "narHash": "sha256-TXnlsVb5Z8HXZ6mZoeOAIwxmvGHp1g4Dw89eLvIwKVI=",
        "owner": "NixOS",
        "repo": "nixpkgs",
        "rev": "8913c168d1c56dc49a7718685968f38752171c3b",
        "type": "github"
      },
      "original": {
        "owner": "NixOS",
        "ref": "nixos-unstable",
        "repo": "nixpkgs",
        "type": "github"
      }
    },
    "nixpkgs-25-11": {
      "locked": {
        "lastModified": 1779796641,
        "narHash": "sha256-ZsIrKmhp4vbBXoXXmR/tBXA/UCsAQiJL9vsgZEduhVY=",
        "owner": "NixOS",
        "repo": "nixpkgs",
        "rev": "25f538306313eae3927264466c70d7001dcea1df",
        "type": "github"
      },
      "original": {
        "owner": "NixOS",
        "ref": "nixos-25.11",
        "repo": "nixpkgs",
        "type": "github"
      }
    },
    "nixpkgs-unstable": {
      "locked": {
        "lastModified": 1779560665,
        "narHash": "sha256-tpyBcxPpcQb8ukyNF7DoCwfSY3VPsxHoYwj00Cayv5o=",
        "owner": "NixOS",
        "repo": "nixpkgs",
        "rev": "64c08a7ca051951c8eae34e3e3cb1e202fe36786",
        "type": "github"
      },
      "original": {
        "owner": "NixOS",
        "ref": "nixos-unstable",
        "repo": "nixpkgs",
        "type": "github"
      }
    },
    "nixpkgs_2": {
      "locked": {
        "lastModified": 1779694939,
        "narHash": "sha256-Ly4j75O8ICaSQx3uxPnwk2x7PMF0XQvn5r0c3yBA7FI=",
        "owner": "NixOS",
        "repo": "nixpkgs",
        "rev": "f9d8b65950353691ab56561e7c73d2e1063d810b",
        "type": "github"
      },
      "original": {
        "owner": "NixOS",
        "ref": "nixpkgs-unstable",
        "repo": "nixpkgs",
        "type": "github"
      }
    },
    "root": {
      "inputs": {
        "flake-utils": "flake-utils",
        "nixpkgs-25-11": "nixpkgs-25-11",
        "nixpkgs-unstable": "nixpkgs-unstable",
        "workers-control": "workers-control"
      }
    },
    "systems": {
      "locked": {
        "lastModified": 1681028828,
        "narHash": "sha256-Vy1rq5AaRuLzOxct8nz4T6wlgyUR7zLU309k9mBC768=",
        "owner": "nix-systems",
        "repo": "default",
        "rev": "da67096a3b9bf56a91d16901293e51ba5b49a27e",
        "type": "github"
      },
      "original": {
        "owner": "nix-systems",
        "repo": "default",
        "type": "github"
      }
    },
    "systems_2": {
      "locked": {
        "lastModified": 1681028828,
        "narHash": "sha256-Vy1rq5AaRuLzOxct8nz4T6wlgyUR7zLU309k9mBC768=",
        "owner": "nix-systems",
        "repo": "default",
        "rev": "da67096a3b9bf56a91d16901293e51ba5b49a27e",
        "type": "github"
      },
      "original": {
        "owner": "nix-systems",
        "repo": "default",
        "type": "github"
      }
    },
    "systems_3": {
      "locked": {
        "lastModified": 1681028828,
        "narHash": "sha256-Vy1rq5AaRuLzOxct8nz4T6wlgyUR7zLU309k9mBC768=",
        "owner": "nix-systems",
        "repo": "default",
        "rev": "da67096a3b9bf56a91d16901293e51ba5b49a27e",
        "type": "github"
      },
      "original": {
        "owner": "nix-systems",
        "repo": "default",
        "type": "github"
      }
    },
    "workers-control": {
      "inputs": {
        "flake-utils": "flake-utils_2",
        "flask-profiler": "flask-profiler",
        "nixos-25-11": "nixos-25-11",
        "nixpkgs": "nixpkgs_2"
      },
      "locked": {
        "lastModified": 1780174915,
        "narHash": "sha256-PN30IM5qEmDT59gyxYbIe5oeSY+2pSlS4g9Z7d2cRZk=",
        "owner": "ida-arbeitszeit",
        "repo": "workers-control",
        "rev": "50c0101539865a60c125a2dcac8fd474ab7273e6",
        "type": "github"
      },
      "original": {
        "owner": "ida-arbeitszeit",
        "repo": "workers-control",
        "type": "github"
      }
    }
  },
  "root": "root",
  "version": 7
}
